// !$*UTF8*$!
{
	archiveVersion = 1;
	classes = {
	};
	objectVersion = 77;
	objects = {

/* Begin PBXBuildFile section */
		B14517AF2F6747B3003FAC81 /* ZipArchive in Frameworks */ = {isa = PBXBuildFile; productRef = B14517AE2F6747B3003FAC81 /* ZipArchive */; settings = {ATTRIBUTES = (Required, ); }; };
		B1CF3F262F31A3B3009CFBB5 /* StepGoalTrackerWatch Watch App.app in Embed Watch Content */ = {isa = PBXBuildFile; fileRef = B1CF3F192F31A3B0009CFBB5 /* StepGoalTrackerWatch Watch App.app */; settings = {ATTRIBUTES = (RemoveHeadersOnCopy, ); }; };
/* End PBXBuildFile section */

/* Begin PBXContainerItemProxy section */
		B11560A92F53BEEA0094789A /* PBXContainerItemProxy */ = {
			isa = PBXContainerItemProxy;
			containerPortal = B1CF3EF62F319F6D009CFBB5 /* Project object */;
			proxyType = 1;
			remoteGlobalIDString = B1CF3F182F31A3B0009CFBB5;
			remoteInfo = "StepGoalTrackerWatch Watch App";
		};
/* End PBXContainerItemProxy section */

/* Begin PBXCopyFilesBuildPhase section */
		B1CF3F2A2F31A3B3009CFBB5 /* Embed Watch Content */ = {
			isa = PBXCopyFilesBuildPhase;
			buildActionMask = 2147483647;
			dstPath = "$(CONTENTS_FOLDER_PATH)/Watch";
			dstSubfolderSpec = 16;
			files = (
				B1CF3F262F31A3B3009CFBB5 /* StepGoalTrackerWatch Watch App.app in Embed Watch Content */,
			);
			name = "Embed Watch Content";
			runOnlyForDeploymentPostprocessing = 0;
		};
/* End PBXCopyFilesBuildPhase section */

/* Begin PBXFileReference section */
		B1CF3EFE2F319F6D009CFBB5 /* StepGoalTracker.app */ = {isa = PBXFileReference; explicitFileType = wrapper.application; includeInIndex = 0; path = StepGoalTracker.app; sourceTree = BUILT_PRODUCTS_DIR; };
		B1CF3F192F31A3B0009CFBB5 /* StepGoalTrackerWatch Watch App.app */ = {isa = PBXFileReference; explicitFileType = wrapper.application; includeInIndex = 0; path = "StepGoalTrackerWatch Watch App.app"; sourceTree = BUILT_PRODUCTS_DIR; };
/* End PBXFileReference section */

/* Begin PBXFileSystemSynchronizedBuildFileExceptionSet section */
		B14517832F63A5E2003FAC81 /* Exceptions for "Tabs" folder in "StepGoalTrackerWatch Watch App" target */ = {
			isa = PBXFileSystemSynchronizedBuildFileExceptionSet;
			membershipExceptions = (
				HomeTab/Components/ShareableRingCard.swift,
				HomeTab/HomeView.swift,
				SettingsTab/SettingsView.swift,
				SummaryTab/Components/BarColumn.swift,
				SummaryTab/Components/BarLabel.swift,
				SummaryTab/Components/BestDayRow.swift,
				SummaryTab/Components/GoalLegend.swift,
				SummaryTab/Components/GoalLine.swift,
				SummaryTab/Components/MonthlyStepsChart.swift,
				SummaryTab/Components/PeriodNavigationHeader.swift,
				SummaryTab/Components/ShareableChartCard.swift,
				SummaryTab/Components/StatRow.swift,
				SummaryTab/Components/WeeklyStepsChart.swift,
				SummaryTab/SummaryView.swift,
			);
			target = B1CF3F182F31A3B0009CFBB5 /* StepGoalTrackerWatch Watch App */;
		};
		B14517B32F674AF1003FAC81 /* Exceptions for "Shared" folder in "StepGoalTrackerWatch Watch App" target */ = {
			isa = PBXFileSystemSynchronizedBuildFileExceptionSet;
			membershipExceptions = (
				Utilities/LogExporter.swift,
				Utilities/LogFileWriter.swift,
				Utilities/LogRotationManager.swift,
			);
			target = B1CF3F182F31A3B0009CFBB5 /* StepGoalTrackerWatch Watch App */;
		};
		B14517B42F674B29003FAC81 /* Exceptions for "Utilities" folder in "StepGoalTrackerWatch Watch App" target */ = {
			isa = PBXFileSystemSynchronizedBuildFileExceptionSet;
			membershipExceptions = (
				ShareSheet.swift,
				ViewImageRenderer.swift,
			);
			target = B1CF3F182F31A3B0009CFBB5 /* StepGoalTrackerWatch Watch App */;
		};
		B1D596BC2F58ADF300FCB737 /* Exceptions for "StepGoalTracker" folder in "StepGoalTracker" target */ = {
			isa = PBXFileSystemSynchronizedBuildFileExceptionSet;
			membershipExceptions = (
				Info.plist,
			);
			target = B1CF3EFD2F319F6D009CFBB5 /* StepGoalTracker */;
		};
/* End PBXFileSystemSynchronizedBuildFileExceptionSet section */

/* Begin PBXFileSystemSynchronizedRootGroup section */
		B14517432F610097003FAC81 /* Notifications */ = {
			isa = PBXFileSystemSynchronizedRootGroup;
			path = Notifications;
			sourceTree = "<group>";
		};
		B145176E2F610A07003FAC81 /* Shared */ = {
			isa = PBXFileSystemSynchronizedRootGroup;
			exceptions = (
				B14517B32F674AF1003FAC81 /* Exceptions for "Shared" folder in "StepGoalTrackerWatch Watch App" target */,
			);
			path = Shared;
			sourceTree = "<group>";
		};
		B14517702F610A46003FAC81 /* Tabs */ = {
			isa = PBXFileSystemSynchronizedRootGroup;
			exceptions = (
				B14517832F63A5E2003FAC81 /* Exceptions for "Tabs" folder in "StepGoalTrackerWatch Watch App" target */,
			);
			path = Tabs;
			sourceTree = "<group>";
		};
		B14517A32F6744F9003FAC81 /* Utilities */ = {
			isa = PBXFileSystemSynchronizedRootGroup;
			exceptions = (
				B14517B42F674B29003FAC81 /* Exceptions for "Utilities" folder in "StepGoalTrackerWatch Watch App" target */,
			);
			path = Utilities;
			sourceTree = "<group>";
		};
		B1CF3F002F319F6D009CFBB5 /* StepGoalTracker */ = {
			isa = PBXFileSystemSynchronizedRootGroup;
			exceptions = (
				B1D596BC2F58ADF300FCB737 /* Exceptions for "StepGoalTracker" folder in "StepGoalTracker" target */,
			);
			path = StepGoalTracker;
			sourceTree = "<group>";
		};
		B1CF3F1A2F31A3B0009CFBB5 /* StepGoalTrackerWatch Watch App */ = {
			isa = PBXFileSystemSynchronizedRootGroup;
			path = "StepGoalTrackerWatch Watch App";
			sourceTree = "<group>";
		};
/* End PBXFileSystemSynchronizedRootGroup section */

/* Begin PBXFrameworksBuildPhase section */
		B1CF3EFB2F319F6D009CFBB5 /* Frameworks */ = {
			isa = PBXFrameworksBuildPhase;
			buildActionMask = 2147483647;
			files = (
				B14517AF2F6747B3003FAC81 /* ZipArchive in Frameworks */,
			);
			runOnlyForDeploymentPostprocessing = 0;
		};
		B1CF3F162F31A3B0009CFBB5 /* Frameworks */ = {
			isa = PBXFrameworksBuildPhase;
			buildActionMask = 2147483647;
			files = (
			);
			runOnlyForDeploymentPostprocessing = 0;
		};
/* End PBXFrameworksBuildPhase section */

/* Begin PBXGroup section */
		B11560A82F53BEEA0094789A /* Frameworks */ = {
			isa = PBXGroup;
			children = (
			);
			name = Frameworks;
			sourceTree = "<group>";
		};
		B1CF3EF52F319F6D009CFBB5 = {
			isa = PBXGroup;
			children = (
				B14517A32F6744F9003FAC81 /* Utilities */,
				B145176E2F610A07003FAC81 /* Shared */,
				B14517702F610A46003FAC81 /* Tabs */,
				B14517432F610097003FAC81 /* Notifications */,
				B1CF3F002F319F6D009CFBB5 /* StepGoalTracker */,
				B1CF3F1A2F31A3B0009CFBB5 /* StepGoalTrackerWatch Watch App */,
				B11560A82F53BEEA0094789A /* Frameworks */,
				B1CF3EFF2F319F6D009CFBB5 /* Products */,
			);
			sourceTree = "<group>";
		};
		B1CF3EFF2F319F6D009CFBB5 /* Products */ = {
			isa = PBXGroup;
			children = (
				B1CF3EFE2F319F6D009CFBB5 /* StepGoalTracker.app */,
				B1CF3F192F31A3B0009CFBB5 /* StepGoalTrackerWatch Watch App.app */,
			);
			name = Products;
			sourceTree = "<group>";
		};
/* End PBXGroup section */

/* Begin PBXNativeTarget section */
		B1CF3EFD2F319F6D009CFBB5 /* StepGoalTracker */ = {
			isa = PBXNativeTarget;
			buildConfigurationList = B1CF3F112F319F6F009CFBB5 /* Build configuration list for PBXNativeTarget "StepGoalTracker" */;
			buildPhases = (
				B1CF3EFA2F319F6D009CFBB5 /* Sources */,
				B1CF3EFB2F319F6D009CFBB5 /* Frameworks */,
				B1CF3EFC2F319F6D009CFBB5 /* Resources */,
				B1CF3F2A2F31A3B3009CFBB5 /* Embed Watch Content */,
			);
			buildRules = (
			);
			dependencies = (
				B11560AA2F53BEEA0094789A /* PBXTargetDependency */,
			);
			fileSystemSynchronizedGroups = (
				B14517432F610097003FAC81 /* Notifications */,
				B145176E2F610A07003FAC81 /* Shared */,
				B14517702F610A46003FAC81 /* Tabs */,
				B14517A32F6744F9003FAC81 /* Utilities */,
				B1CF3F002F319F6D009CFBB5 /* StepGoalTracker */,
			);
			name = StepGoalTracker;
			packageProductDependencies = (
				B14517AE2F6747B3003FAC81 /* ZipArchive */,
			);
			productName = StepGoalTracker;
			productReference = B1CF3EFE2F319F6D009CFBB5 /* StepGoalTracker.app */;
			productType = "com.apple.product-type.application";
		};
		B1CF3F182F31A3B0009CFBB5 /* StepGoalTrackerWatch Watch App */ = {
			isa = PBXNativeTarget;
			buildConfigurationList = B1CF3F272F31A3B3009CFBB5 /* Build configuration list for PBXNativeTarget "StepGoalTrackerWatch Watch App" */;
			buildPhases = (
				B1CF3F152F31A3B0009CFBB5 /* Sources */,
				B1CF3F162F31A3B0009CFBB5 /* Frameworks */,
				B1CF3F172F31A3B0009CFBB5 /* Resources */,
			);
			buildRules = (
			);
			dependencies = (
			);
			fileSystemSynchronizedGroups = (
				B14517432F610097003FAC81 /* Notifications */,
				B145176E2F610A07003FAC81 /* Shared */,
				B14517702F610A46003FAC81 /* Tabs */,
				B14517A32F6744F9003FAC81 /* Utilities */,
				B1CF3F1A2F31A3B0009CFBB5 /* StepGoalTrackerWatch Watch App */,
			);
			name = "StepGoalTrackerWatch Watch App";
			packageProductDependencies = (
			);
			productName = "StepGoalTrackerWatch Watch App";
			productReference = B1CF3F192F31A3B0009CFBB5 /* StepGoalTrackerWatch Watch App.app */;
			productType = "com.apple.product-type.application";
		};
/* End PBXNativeTarget section */

/* Begin PBXProject section */
		B1CF3EF62F319F6D009CFBB5 /* Project object */ = {
			isa = PBXProject;
			attributes = {
				BuildIndependentTargetsInParallel = 1;
				LastSwiftUpdateCheck = 1620;
				LastUpgradeCheck = 1620;
				TargetAttributes = {
					B1CF3EFD2F319F6D009CFBB5 = {
						CreatedOnToolsVersion = 16.2;
					};
					B1CF3F182F31A3B0009CFBB5 = {
						CreatedOnToolsVersion = 16.2;
					};
				};
			};
			buildConfigurationList = B1CF3EF92F319F6D009CFBB5 /* Build configuration list for PBXProject "StepGoalTracker" */;
			developmentRegion = en;
			hasScannedForEncodings = 0;
			knownRegions = (
				en,
				Base,
			);
			mainGroup = B1CF3EF52F319F6D009CFBB5;
			minimizedProjectReferenceProxies = 1;
			packageReferences = (
				B14517AD2F6747B3003FAC81 /* XCRemoteSwiftPackageReference "ZipArchive" */,
			);
			preferredProjectObjectVersion = 77;
			productRefGroup = B1CF3EFF2F319F6D009CFBB5 /* Products */;
			projectDirPath = "";
			projectRoot = "";
			targets = (
				B1CF3EFD2F319F6D009CFBB5 /* StepGoalTracker */,
				B1CF3F182F31A3B0009CFBB5 /* StepGoalTrackerWatch Watch App */,
			);
		};
/* End PBXProject section */

/* Begin PBXResourcesBuildPhase section */
		B1CF3EFC2F319F6D009CFBB5 /* Resources */ = {
			isa = PBXResourcesBuildPhase;
			buildActionMask = 2147483647;
			files = (
			);
			runOnlyForDeploymentPostprocessing = 0;
		};
		B1CF3F172F31A3B0009CFBB5 /* Resources */ = {
			isa = PBXResourcesBuildPhase;
			buildActionMask = 2147483647;
			files = (
			);
			runOnlyForDeploymentPostprocessing = 0;
		};
/* End PBXResourcesBuildPhase section */

/* Begin PBXSourcesBuildPhase section */
		B1CF3EFA2F319F6D009CFBB5 /* Sources */ = {
			isa = PBXSourcesBuildPhase;
			buildActionMask = 2147483647;
			files = (
			);
			runOnlyForDeploymentPostprocessing = 0;
		};
		B1CF3F152F31A3B0009CFBB5 /* Sources */ = {
			isa = PBXSourcesBuildPhase;
			buildActionMask = 2147483647;
			files = (
			);
			runOnlyForDeploymentPostprocessing = 0;
		};
/* End PBXSourcesBuildPhase section */

/* Begin PBXTargetDependency section */
		B11560AA2F53BEEA0094789A /* PBXTargetDependency */ = {
			isa = PBXTargetDependency;
			target = B1CF3F182F31A3B0009CFBB5 /* StepGoalTrackerWatch Watch App */;
			targetProxy = B11560A92F53BEEA0094789A /* PBXContainerItemProxy */;
		};
/* End PBXTargetDependency section */

/* Begin XCBuildConfiguration section */
		B1CF3F0F2F319F6F009CFBB5 /* Debug */ = {
			isa = XCBuildConfiguration;
			buildSettings = {
				ALWAYS_SEARCH_USER_PATHS = NO;
				ASSETCATALOG_COMPILER_GENERATE_SWIFT_ASSET_SYMBOL_EXTENSIONS = YES;
				CLANG_ANALYZER_NONNULL = YES;
				CLANG_ANALYZER_NUMBER_OBJECT_CONVERSION = YES_AGGRESSIVE;
				CLANG_CXX_LANGUAGE_STANDARD = "gnu++20";
				CLANG_ENABLE_MODULES = YES;
				CLANG_ENABLE_OBJC_ARC = YES;
				CLANG_ENABLE_OBJC_WEAK = YES;
				CLANG_WARN_BLOCK_CAPTURE_AUTORELEASING = YES;
				CLANG_WARN_BOOL_CONVERSION = YES;
				CLANG_WARN_COMMA = YES;
				CLANG_WARN_CONSTANT_CONVERSION = YES;
				CLANG_WARN_DEPRECATED_OBJC_IMPLEMENTATIONS = YES;
				CLANG_WARN_DIRECT_OBJC_ISA_USAGE = YES_ERROR;
				CLANG_WARN_DOCUMENTATION_COMMENTS = YES;
				CLANG_WARN_EMPTY_BODY = YES;
				CLANG_WARN_ENUM_CONVERSION = YES;
				CLANG_WARN_INFINITE_RECURSION = YES;
				CLANG_WARN_INT_CONVERSION = YES;
				CLANG_WARN_NON_LITERAL_NULL_CONVERSION = YES;
				CLANG_WARN_OBJC_IMPLICIT_RETAIN_SELF = YES;
				CLANG_WARN_OBJC_LITERAL_CONVERSION = YES;
				CLANG_WARN_OBJC_ROOT_CLASS = YES_ERROR;
				CLANG_WARN_QUOTED_INCLUDE_IN_FRAMEWORK_HEADER = YES;
				CLANG_WARN_RANGE_LOOP_ANALYSIS = YES;
				CLANG_WARN_STRICT_PROTOTYPES = YES;
				CLANG_WARN_SUSPICIOUS_MOVE = YES;
				CLANG_WARN_UNGUARDED_AVAILABILITY = YES_AGGRESSIVE;
				CLANG_WARN_UNREACHABLE_CODE = YES;
				CLANG_WARN__DUPLICATE_METHOD_MATCH = YES;
				COPY_PHASE_STRIP = NO;
				DEBUG_INFORMATION_FORMAT = dwarf;
				ENABLE_STRICT_OBJC_MSGSEND = YES;
				ENABLE_TESTABILITY = YES;
				ENABLE_USER_SCRIPT_SANDBOXING = YES;
				GCC_C_LANGUAGE_STANDARD = gnu17;
				GCC_DYNAMIC_NO_PIC = NO;
				GCC_NO_COMMON_BLOCKS = YES;
				GCC_OPTIMIZATION_LEVEL = 0;
				GCC_PREPROCESSOR_DEFINITIONS = (
					"DEBUG=1",
					"$(inherited)",
				);
				GCC_WARN_64_TO_32_BIT_CONVERSION = YES;
				GCC_WARN_ABOUT_RETURN_TYPE = YES_ERROR;
				GCC_WARN_UNDECLARED_SELECTOR = YES;
				GCC_WARN_UNINITIALIZED_AUTOS = YES_AGGRESSIVE;
				GCC_WARN_UNUSED_FUNCTION = YES;
				GCC_WARN_UNUSED_VARIABLE = YES;
				IPHONEOS_DEPLOYMENT_TARGET = 18.2;
				LOCALIZATION_PREFERS_STRING_CATALOGS = YES;
				MTL_ENABLE_DEBUG_INFO = INCLUDE_SOURCE;
				MTL_FAST_MATH = YES;
				ONLY_ACTIVE_ARCH = YES;
				SDKROOT = iphoneos;
				SWIFT_ACTIVE_COMPILATION_CONDITIONS = "DEBUG $(inherited)";
				SWIFT_OPTIMIZATION_LEVEL = "-Onone";
			};
			name = Debug;
		};
		B1CF3F102F319F6F009CFBB5 /* Release */ = {
			isa = XCBuildConfiguration;
			buildSettings = {
				ALWAYS_SEARCH_USER_PATHS = NO;
				ASSETCATALOG_COMPILER_GENERATE_SWIFT_ASSET_SYMBOL_EXTENSIONS = YES;
				CLANG_ANALYZER_NONNULL = YES;
				CLANG_ANALYZER_NUMBER_OBJECT_CONVERSION = YES_AGGRESSIVE;
				CLANG_CXX_LANGUAGE_STANDARD = "gnu++20";
				CLANG_ENABLE_MODULES = YES;
				CLANG_ENABLE_OBJC_ARC = YES;
				CLANG_ENABLE_OBJC_WEAK = YES;
				CLANG_WARN_BLOCK_CAPTURE_AUTORELEASING = YES;
				CLANG_WARN_BOOL_CONVERSION = YES;
				CLANG_WARN_COMMA = YES;
				CLANG_WARN_CONSTANT_CONVERSION = YES;
				CLANG_WARN_DEPRECATED_OBJC_IMPLEMENTATIONS = YES;
				CLANG_WARN_DIRECT_OBJC_ISA_USAGE = YES_ERROR;
				CLANG_WARN_DOCUMENTATION_COMMENTS = YES;
				CLANG_WARN_EMPTY_BODY = YES;
				CLANG_WARN_ENUM_CONVERSION = YES;
				CLANG_WARN_INFINITE_RECURSION = YES;
				CLANG_WARN_INT_CONVERSION = YES;
				CLANG_WARN_NON_LITERAL_NULL_CONVERSION = YES;
				CLANG_WARN_OBJC_IMPLICIT_RETAIN_SELF = YES;
				CLANG_WARN_OBJC_LITERAL_CONVERSION = YES;
				CLANG_WARN_OBJC_ROOT_CLASS = YES_ERROR;
				CLANG_WARN_QUOTED_INCLUDE_IN_FRAMEWORK_HEADER = YES;
				CLANG_WARN_RANGE_LOOP_ANALYSIS = YES;
				CLANG_WARN_STRICT_PROTOTYPES = YES;
				CLANG_WARN_SUSPICIOUS_MOVE = YES;
				CLANG_WARN_UNGUARDED_AVAILABILITY = YES_AGGRESSIVE;
				CLANG_WARN_UNREACHABLE_CODE = YES;
				CLANG_WARN__DUPLICATE_METHOD_MATCH = YES;
				COPY_PHASE_STRIP = NO;
				DEBUG_INFORMATION_FORMAT = "dwarf-with-dsym";
				ENABLE_NS_ASSERTIONS = NO;
				ENABLE_STRICT_OBJC_MSGSEND = YES;
				ENABLE_USER_SCRIPT_SANDBOXING = YES;
				GCC_C_LANGUAGE_STANDARD = gnu17;
				GCC_NO_COMMON_BLOCKS = YES;
				GCC_WARN_64_TO_32_BIT_CONVERSION = YES;
				GCC_WARN_ABOUT_RETURN_TYPE = YES_ERROR;
				GCC_WARN_UNDECLARED_SELECTOR = YES;
				GCC_WARN_UNINITIALIZED_AUTOS = YES_AGGRESSIVE;
				GCC_WARN_UNUSED_FUNCTION = YES;
				GCC_WARN_UNUSED_VARIABLE = YES;
				IPHONEOS_DEPLOYMENT_TARGET = 18.2;
				LOCALIZATION_PREFERS_STRING_CATALOGS = YES;
				MTL_ENABLE_DEBUG_INFO = NO;
				MTL_FAST_MATH = YES;
				SDKROOT = iphoneos;
				SWIFT_COMPILATION_MODE = wholemodule;
				VALIDATE_PRODUCT = YES;
			};
			name = Release;
		};
		B1CF3F122F319F6F009CFBB5 /* Debug */ = {
			isa = XCBuildConfiguration;
			buildSettings = {
				ASSETCATALOG_COMPILER_APPICON_NAME = AppIcon;
				ASSETCATALOG_COMPILER_GLOBAL_ACCENT_COLOR_NAME = AccentColor;
				ASSETCATALOG_COMPILER_INCLUDE_ALL_APPICON_ASSETS = YES;
				CODE_SIGN_ENTITLEMENTS = StepGoalTracker/StepGoalTracker.entitlements;
				CODE_SIGN_IDENTITY = "Apple Development";
				CODE_SIGN_STYLE = Automatic;
				CURRENT_PROJECT_VERSION = 3;
				DEVELOPMENT_ASSET_PATHS = "\"StepGoalTracker/Preview Content\"";
				DEVELOPMENT_TEAM = DXZ6DQRHD3;
				ENABLE_PREVIEWS = YES;
				GENERATE_INFOPLIST_FILE = YES;
				HEADER_SEARCH_PATHS = "$(SRCROOT)";
				INFOPLIST_FILE = StepGoalTracker/Info.plist;
				INFOPLIST_KEY_CFBundleDisplayName = Stepido;
				INFOPLIST_KEY_LSApplicationCategoryType = "";
				INFOPLIST_KEY_NSHealthShareUsageDescription = "We need to read your step count to help you reach your daily goal";
				INFOPLIST_KEY_UIApplicationSceneManifest_Generation = YES;
				INFOPLIST_KEY_UIApplicationSupportsIndirectInputEvents = YES;
				INFOPLIST_KEY_UILaunchScreen_Generation = YES;
				INFOPLIST_KEY_UISupportedInterfaceOrientations_iPad = "UIInterfaceOrientationPortrait UIInterfaceOrientationPortraitUpsideDown UIInterfaceOrientationLandscapeLeft UIInterfaceOrientationLandscapeRight";
				INFOPLIST_KEY_UISupportedInterfaceOrientations_iPhone = "UIInterfaceOrientationPortrait UIInterfaceOrientationLandscapeLeft UIInterfaceOrientationLandscapeRight";
				LD_RUNPATH_SEARCH_PATHS = (
					"$(inherited)",
					"@executable_path/Frameworks",
				);
				MARKETING_VERSION = 1.0;
				OTHER_LDFLAGS = "-ObjC";
				PRODUCT_BUNDLE_IDENTIFIER = com.shreyas.StepGoalTracker;
				PRODUCT_NAME = "$(TARGET_NAME)";
				PROVISIONING_PROFILE_SPECIFIER = "";
				SUPPORTED_PLATFORMS = "iphoneos iphonesimulator";
				SUPPORTS_MACCATALYST = NO;
				SUPPORTS_MAC_DESIGNED_FOR_IPHONE_IPAD = NO;
				SUPPORTS_XR_DESIGNED_FOR_IPHONE_IPAD = NO;
				SWIFT_EMIT_LOC_STRINGS = YES;
				SWIFT_VERSION = 5.0;
				TARGETED_DEVICE_FAMILY = 1;
			};
			name = Debug;
		};
		B1CF3F132F319F6F009CFBB5 /* Release */ = {
			isa = XCBuildConfiguration;
			buildSettings = {
				ASSETCATALOG_COMPILER_APPICON_NAME = AppIcon;
				ASSETCATALOG_COMPILER_GLOBAL_ACCENT_COLOR_NAME = AccentColor;
				ASSETCATALOG_COMPILER_INCLUDE_ALL_APPICON_ASSETS = YES;
				CODE_SIGN_ENTITLEMENTS = StepGoalTracker/StepGoalTracker.entitlements;
				CODE_SIGN_IDENTITY = "Apple Development";
				CODE_SIGN_STYLE = Automatic;
				CURRENT_PROJECT_VERSION = 3;
				DEVELOPMENT_ASSET_PATHS = "\"StepGoalTracker/Preview Content\"";
				DEVELOPMENT_TEAM = DXZ6DQRHD3;
				ENABLE_PREVIEWS = YES;
				GENERATE_INFOPLIST_FILE = YES;
				HEADER_SEARCH_PATHS = "$(SRCROOT)";
				INFOPLIST_FILE = StepGoalTracker/Info.plist;
				INFOPLIST_KEY_CFBundleDisplayName = Stepido;
				INFOPLIST_KEY_LSApplicationCategoryType = "";
				INFOPLIST_KEY_NSHealthShareUsageDescription = "We need to read your step count to help you reach your daily goal";
				INFOPLIST_KEY_UIApplicationSceneManifest_Generation = YES;
				INFOPLIST_KEY_UIApplicationSupportsIndirectInputEvents = YES;
				INFOPLIST_KEY_UILaunchScreen_Generation = YES;
				INFOPLIST_KEY_UISupportedInterfaceOrientations_iPad = "UIInterfaceOrientationPortrait UIInterfaceOrientationPortraitUpsideDown UIInterfaceOrientationLandscapeLeft UIInterfaceOrientationLandscapeRight";
				INFOPLIST_KEY_UISupportedInterfaceOrientations_iPhone = "UIInterfaceOrientationPortrait UIInterfaceOrientationLandscapeLeft UIInterfaceOrientationLandscapeRight";
				LD_RUNPATH_SEARCH_PATHS = (
					"$(inherited)",
					"@executable_path/Frameworks",
				);
				MARKETING_VERSION = 1.0;
				OTHER_LDFLAGS = "-ObjC";
				PRODUCT_BUNDLE_IDENTIFIER = com.shreyas.StepGoalTracker;
				PRODUCT_NAME = "$(TARGET_NAME)";
				PROVISIONING_PROFILE_SPECIFIER = "";
				SUPPORTED_PLATFORMS = "iphoneos iphonesimulator";
				SUPPORTS_MACCATALYST = NO;
				SUPPORTS_MAC_DESIGNED_FOR_IPHONE_IPAD = NO;
				SUPPORTS_XR_DESIGNED_FOR_IPHONE_IPAD = NO;
				SWIFT_EMIT_LOC_STRINGS = YES;
				SWIFT_VERSION = 5.0;
				TARGETED_DEVICE_FAMILY = 1;
			};
			name = Release;
		};
		B1CF3F282F31A3B3009CFBB5 /* Debug */ = {
			isa = XCBuildConfiguration;
			buildSettings = {
				ASSETCATALOG_COMPILER_APPICON_NAME = AppIcon;
				ASSETCATALOG_COMPILER_GLOBAL_ACCENT_COLOR_NAME = AccentColor;
				CODE_SIGN_ENTITLEMENTS = "StepGoalTrackerWatch Watch App/StepGoalTrackerWatch Watch App.entitlements";
				CODE_SIGN_STYLE = Automatic;
				CURRENT_PROJECT_VERSION = 1;
				DEVELOPMENT_ASSET_PATHS = "\"StepGoalTrackerWatch Watch App/Preview Content\"";
				DEVELOPMENT_TEAM = DXZ6DQRHD3;
				ENABLE_PREVIEWS = YES;
				GENERATE_INFOPLIST_FILE = YES;
				INFOPLIST_FILE = "StepGoalTrackerWatch-Watch-App-Info.plist";
				INFOPLIST_KEY_CFBundleDisplayName = StepidoWatch;
				INFOPLIST_KEY_NSHealthShareUsageDescription = "We need to read your step count to help you reach your daily goal.";
				INFOPLIST_KEY_UISupportedInterfaceOrientations = "UIInterfaceOrientationPortrait UIInterfaceOrientationPortraitUpsideDown";
				INFOPLIST_KEY_WKCompanionAppBundleIdentifier = com.shreyas.StepGoalTracker;
				INFOPLIST_KEY_WKRunsIndependentlyOfCompanionApp = NO;
				LD_RUNPATH_SEARCH_PATHS = (
					"$(inherited)",
					"@executable_path/Frameworks",
				);
				MARKETING_VERSION = 1.0;
				PRODUCT_BUNDLE_IDENTIFIER = com.shreyas.StepGoalTracker.watchkitapp;
				PRODUCT_NAME = "$(TARGET_NAME)";
				SDKROOT = watchos;
				SKIP_INSTALL = YES;
				SWIFT_EMIT_LOC_STRINGS = YES;
				SWIFT_VERSION = 5.0;
				TARGETED_DEVICE_FAMILY = 4;
				WATCHOS_DEPLOYMENT_TARGET = 11.2;
			};
			name = Debug;
		};
		B1CF3F292F31A3B3009CFBB5 /* Release */ = {
			isa = XCBuildConfiguration;
			buildSettings = {
				ASSETCATALOG_COMPILER_APPICON_NAME = AppIcon;
				ASSETCATALOG_COMPILER_GLOBAL_ACCENT_COLOR_NAME = AccentColor;
				CODE_SIGN_ENTITLEMENTS = "StepGoalTrackerWatch Watch App/StepGoalTrackerWatch Watch App.entitlements";
				CODE_SIGN_STYLE = Automatic;
				CURRENT_PROJECT_VERSION = 1;
				DEVELOPMENT_ASSET_PATHS = "\"StepGoalTrackerWatch Watch App/Preview Content\"";
				DEVELOPMENT_TEAM = DXZ6DQRHD3;
				ENABLE_PREVIEWS = YES;
				GENERATE_INFOPLIST_FILE = YES;
				INFOPLIST_FILE = "StepGoalTrackerWatch-Watch-App-Info.plist";
				INFOPLIST_KEY_CFBundleDisplayName = StepidoWatch;
				INFOPLIST_KEY_NSHealthShareUsageDescription = "We need to read your step count to help you reach your daily goal.";
				INFOPLIST_KEY_UISupportedInterfaceOrientations = "UIInterfaceOrientationPortrait UIInterfaceOrientationPortraitUpsideDown";
				INFOPLIST_KEY_WKCompanionAppBundleIdentifier = com.shreyas.StepGoalTracker;
				INFOPLIST_KEY_WKRunsIndependentlyOfCompanionApp = NO;
				LD_RUNPATH_SEARCH_PATHS = (
					"$(inherited)",
					"@executable_path/Frameworks",
				);
				MARKETING_VERSION = 1.0;
				PRODUCT_BUNDLE_IDENTIFIER = com.shreyas.StepGoalTracker.watchkitapp;
				PRODUCT_NAME = "$(TARGET_NAME)";
				SDKROOT = watchos;
				SKIP_INSTALL = YES;
				SWIFT_EMIT_LOC_STRINGS = YES;
				SWIFT_VERSION = 5.0;
				TARGETED_DEVICE_FAMILY = 4;
				WATCHOS_DEPLOYMENT_TARGET = 11.2;
			};
			name = Release;
		};
/* End XCBuildConfiguration section */

/* Begin XCConfigurationList section */
		B1CF3EF92F319F6D009CFBB5 /* Build configuration list for PBXProject "StepGoalTracker" */ = {
			isa = XCConfigurationList;
			buildConfigurations = (
				B1CF3F0F2F319F6F009CFBB5 /* Debug */,
				B1CF3F102F319F6F009CFBB5 /* Release */,
			);
			defaultConfigurationIsVisible = 0;
			defaultConfigurationName = Release;
		};
		B1CF3F112F319F6F009CFBB5 /* Build configuration list for PBXNativeTarget "StepGoalTracker" */ = {
			isa = XCConfigurationList;
			buildConfigurations = (
				B1CF3F122F319F6F009CFBB5 /* Debug */,
				B1CF3F132F319F6F009CFBB5 /* Release */,
			);
			defaultConfigurationIsVisible = 0;
			defaultConfigurationName = Release;
		};
		B1CF3F272F31A3B3009CFBB5 /* Build configuration list for PBXNativeTarget "StepGoalTrackerWatch Watch App" */ = {
			isa = XCConfigurationList;
			buildConfigurations = (
				B1CF3F282F31A3B3009CFBB5 /* Debug */,
				B1CF3F292F31A3B3009CFBB5 /* Release */,
			);
			defaultConfigurationIsVisible = 0;
			defaultConfigurationName = Release;
		};
/* End XCConfigurationList section */

/* Begin XCRemoteSwiftPackageReference section */
		B14517AD2F6747B3003FAC81 /* XCRemoteSwiftPackageReference "ZipArchive" */ = {
			isa = XCRemoteSwiftPackageReference;
			repositoryURL = "https://github.com/ZipArchive/ZipArchive";
			requirement = {
				kind = upToNextMajorVersion;
				minimumVersion = 2.6.0;
			};
		};
/* End XCRemoteSwiftPackageReference section */

/* Begin XCSwiftPackageProductDependency section */
		B14517AE2F6747B3003FAC81 /* ZipArchive */ = {
			isa = XCSwiftPackageProductDependency;
			package = B14517AD2F6747B3003FAC81 /* XCRemoteSwiftPackageReference "ZipArchive" */;
			productName = ZipArchive;
		};
/* End XCSwiftPackageProductDependency section */
	};
	rootObject = B1CF3EF62F319F6D009CFBB5 /* Project object */;
}
